
Microsoft Visual Studio Solution File, Format Version 12.00
# Visual Studio 14
VisualStudioVersion = 14.0.25123.0
MinimumVisualStudioVersion = 10.0.40219.1
Project("{2150E333-8FDC-42A3-9474-1A3956D46DE8}") = "XUnit", "XUnit", "{9DAFC9CE-002E-4246-8A7C-98B13F933627}"
EndProject
Project("{2150E333-8FDC-42A3-9474-1A3956D46DE8}") = "Classic", "Classic", "{B70EADEA-B849-448B-B4A6-18B2E834960D}"
EndProject
Project("{FAE04EC0-301F-11D3-BF4B-00C04F79EFBC}") = "Classic.XUnit.Tests", "Classic.XUnit.Tests\Classic.XUnit.Tests.csproj", "{D52D4DE9-D25B-42CB-BFFC-AA2311E44AA4}"
EndProject
Project("{2150E333-8FDC-42A3-9474-1A3956D46DE8}") = "NUnit", "NUnit", "{6B5387DE-BF88-4893-B8C0-6E8A5C4AD381}"
EndProject
Project("{FAE04EC0-301F-11D3-BF4B-00C04F79EFBC}") = "Classic.NUnit.Tests", "Classic.NUnit.Tests\Classic.NUnit.Tests.csproj", "{622D6EBC-39B9-4868-8E76-B9458B9CC465}"
EndProject
Project("{2150E333-8FDC-42A3-9474-1A3956D46DE8}") = "MSTests", "MSTests", "{F8349EFF-DB33-480B-AD85-1C25EED4AEC2}"
EndProject
Project("{FAE04EC0-301F-11D3-BF4B-00C04F79EFBC}") = "Classic.MSTests", "Classic.MSTests\Classic.MSTests.csproj", "{0BED3F2D-8BDC-44FA-99DF-76667A72EECD}"
EndProject
Project("{FAE04EC0-301F-11D3-BF4B-00C04F79EFBC}") = "Classic.MSTests.Tests", "Classic.MSTests.Tests\Classic.MSTests.Tests.csproj", "{967A0D7F-44CF-4B74-87F1-EE44FBBC3BCD}"
EndProject
Global
	GlobalSection(SolutionConfigurationPlatforms) = preSolution
		Debug|Any CPU = Debug|Any CPU
		Release|Any CPU = Release|Any CPU
	EndGlobalSection
	GlobalSection(ProjectConfigurationPlatforms) = postSolution
		{D52D4DE9-D25B-42CB-BFFC-AA2311E44AA4}.Debug|Any CPU.ActiveCfg = Debug|Any CPU
		{D52D4DE9-D25B-42CB-BFFC-AA2311E44AA4}.Debug|Any CPU.Build.0 = Debug|Any CPU
		{D52D4DE9-D25B-42CB-BFFC-AA2311E44AA4}.Release|Any CPU.ActiveCfg = Release|Any CPU
		{D52D4DE9-D25B-42CB-BFFC-AA2311E44AA4}.Release|Any CPU.Build.0 = Release|Any CPU
		{622D6EBC-39B9-4868-8E76-B9458B9CC465}.Debug|Any CPU.ActiveCfg = Debug|Any CPU
		{622D6EBC-39B9-4868-8E76-B9458B9CC465}.Debug|Any CPU.Build.0 = Debug|Any CPU
		{622D6EBC-39B9-4868-8E76-B9458B9CC465}.Release|Any CPU.ActiveCfg = Release|Any CPU
		{622D6EBC-39B9-4868-8E76-B9458B9CC465}.Release|Any CPU.Build.0 = Release|Any CPU
		{0BED3F2D-8BDC-44FA-99DF-76667A72EECD}.Debug|Any CPU.ActiveCfg = Debug|Any CPU
		{0BED3F2D-8BDC-44FA-99DF-76667A72EECD}.Debug|Any CPU.Build.0 = Debug|Any CPU
		{0BED3F2D-8BDC-44FA-99DF-76667A72EECD}.Release|Any CPU.ActiveCfg = Release|Any CPU
		{0BED3F2D-8BDC-44FA-99DF-76667A72EECD}.Release|Any CPU.Build.0 = Release|Any CPU
		{967A0D7F-44CF-4B74-87F1-EE44FBBC3BCD}.Debug|Any CPU.ActiveCfg = Debug|Any CPU
		{967A0D7F-44CF-4B74-87F1-EE44FBBC3BCD}.Debug|Any CPU.Build.0 = Debug|Any CPU
		{967A0D7F-44CF-4B74-87F1-EE44FBBC3BCD}.Release|Any CPU.ActiveCfg = Release|Any CPU
		{967A0D7F-44CF-4B74-87F1-EE44FBBC3BCD}.Release|Any CPU.Build.0 = Release|Any CPU
	EndGlobalSection
	GlobalSection(SolutionProperties) = preSolution
		HideSolutionNode = FALSE
	EndGlobalSection
	GlobalSection(NestedProjects) = preSolution
		{9DAFC9CE-002E-4246-8A7C-98B13F933627} = {B70EADEA-B849-448B-B4A6-18B2E834960D}
		{D52D4DE9-D25B-42CB-BFFC-AA2311E44AA4} = {9DAFC9CE-002E-4246-8A7C-98B13F933627}
		{6B5387DE-BF88-4893-B8C0-6E8A5C4AD381} = {B70EADEA-B849-448B-B4A6-18B2E834960D}
		{622D6EBC-39B9-4868-8E76-B9458B9CC465} = {6B5387DE-BF88-4893-B8C0-6E8A5C4AD381}
		{F8349EFF-DB33-480B-AD85-1C25EED4AEC2} = {B70EADEA-B849-448B-B4A6-18B2E834960D}
		{0BED3F2D-8BDC-44FA-99DF-76667A72EECD} = {F8349EFF-DB33-480B-AD85-1C25EED4AEC2}
		{967A0D7F-44CF-4B74-87F1-EE44FBBC3BCD} = {F8349EFF-DB33-480B-AD85-1C25EED4AEC2}
	EndGlobalSection
EndGlobal
